
Microsoft Visual Studio Solution File, Format Version 12.00
# Visual Studio Version 17
VisualStudioVersion = 17.11.35219.272
MinimumVisualStudioVersion = 10.0.40219.1
Project("{FAE04EC0-301F-11D3-BF4B-00C04F79EFBC}") = "Producto", "Producto.csproj", "{9CAC5A81-C84D-42AD-8308-D22F46D83581}"
EndProject
Global
	GlobalSection(SolutionConfigurationPlatforms) = preSolution
		Debug|Any CPU = Debug|Any CPU
		Release|Any CPU = Release|Any CPU
	EndGlobalSection
	GlobalSection(ProjectConfigurationPlatforms) = postSolution
		{9CAC5A81-C84D-42AD-8308-D22F46D83581}.Debug|Any CPU.ActiveCfg = Debug|Any CPU
		{9CAC5A81-C84D-42AD-8308-D22F46D83581}.Debug|Any CPU.Build.0 = Debug|Any CPU
		{9CAC5A81-C84D-42AD-8308-D22F46D83581}.Release|Any CPU.ActiveCfg = Release|Any CPU
		{9CAC5A81-C84D-42AD-8308-D22F46D83581}.Release|Any CPU.Build.0 = Release|Any CPU
	EndGlobalSection
	GlobalSection(SolutionProperties) = preSolution
		HideSolutionNode = FALSE
	EndGlobalSection
	GlobalSection(ExtensibilityGlobals) = postSolution
		SolutionGuid = {E1435E78-B428-4C8A-B31A-AD0D26DBB990}
	EndGlobalSection
EndGlobal
