
Microsoft Visual Studio Solution File, Format Version 12.00
# Visual Studio Version 17
VisualStudioVersion = 17.11.35219.272
MinimumVisualStudioVersion = 10.0.40219.1
Project("{FAE04EC0-301F-11D3-BF4B-00C04F79EFBC}") = "Avion", "Avion.csproj", "{46CA99F1-AD90-4E88-989A-FF769D67824C}"
EndProject
Global
	GlobalSection(SolutionConfigurationPlatforms) = preSolution
		Debug|Any CPU = Debug|Any CPU
		Release|Any CPU = Release|Any CPU
	EndGlobalSection
	GlobalSection(ProjectConfigurationPlatforms) = postSolution
		{46CA99F1-AD90-4E88-989A-FF769D67824C}.Debug|Any CPU.ActiveCfg = Debug|Any CPU
		{46CA99F1-AD90-4E88-989A-FF769D67824C}.Debug|Any CPU.Build.0 = Debug|Any CPU
		{46CA99F1-AD90-4E88-989A-FF769D67824C}.Release|Any CPU.ActiveCfg = Release|Any CPU
		{46CA99F1-AD90-4E88-989A-FF769D67824C}.Release|Any CPU.Build.0 = Release|Any CPU
	EndGlobalSection
	GlobalSection(SolutionProperties) = preSolution
		HideSolutionNode = FALSE
	EndGlobalSection
	GlobalSection(ExtensibilityGlobals) = postSolution
		SolutionGuid = {391D86B0-3D95-489D-8644-6EF41DA205DC}
	EndGlobalSection
EndGlobal
